
Microsoft Visual Studio Solution File, Format Version 12.00
# Visual Studio Version 16
VisualStudioVersion = 16.0.29613.14
MinimumVisualStudioVersion = 10.0.40219.1
Project("{FAE04EC0-301F-11D3-BF4B-00C04F79EFBC}") = "Taxi.Common", "Taxi.Common\Taxi.Common.csproj", "{EEAC951D-E655-42C5-9A66-B8A948CC858B}"
EndProject
Project("{FAE04EC0-301F-11D3-BF4B-00C04F79EFBC}") = "Taxi.Web", "Taxi.Web\Taxi.Web.csproj", "{127279FD-91B0-4BD3-B7B0-6E57151E56C0}"
EndProject
Project("{FAE04EC0-301F-11D3-BF4B-00C04F79EFBC}") = "Taxi.Prism", "Taxi.Prism\Taxi.Prism\Taxi.Prism.csproj", "{6519A7B5-EF18-4226-BE62-27B8B8183012}"
EndProject
Project("{FAE04EC0-301F-11D3-BF4B-00C04F79EFBC}") = "Taxi.Prism.Android", "Taxi.Prism\Taxi.Prism.Android\Taxi.Prism.Android.csproj", "{60E093F9-7366-4307-AD21-97F1612318E7}"
EndProject
Project("{FAE04EC0-301F-11D3-BF4B-00C04F79EFBC}") = "Taxi.Prism.iOS", "Taxi.Prism\Taxi.Prism.iOS\Taxi.Prism.iOS.csproj", "{11E09E95-E472-4B0A-A185-49ACC3785AE6}"
EndProject
Project("{FAE04EC0-301F-11D3-BF4B-00C04F79EFBC}") = "Taxi.Cross.Android", "Taxi.Cross.Android\Taxi.Cross.Android.csproj", "{E9A4CEB7-754C-4155-829A-9F741B062061}"
EndProject
Project("{FAE04EC0-301F-11D3-BF4B-00C04F79EFBC}") = "Taxi.Cross.iOS", "Taxi.Cross.iOS\Taxi.Cross.iOS.csproj", "{A3CD9F55-C781-4021-948E-AACC4575EC91}"
EndProject
Global
	GlobalSection(SolutionConfigurationPlatforms) = preSolution
		Ad-Hoc|Any CPU = Ad-Hoc|Any CPU
		Ad-Hoc|iPhone = Ad-Hoc|iPhone
		Ad-Hoc|iPhoneSimulator = Ad-Hoc|iPhoneSimulator
		AppStore|Any CPU = AppStore|Any CPU
		AppStore|iPhone = AppStore|iPhone
		AppStore|iPhoneSimulator = AppStore|iPhoneSimulator
		Debug|Any CPU = Debug|Any CPU
		Debug|iPhone = Debug|iPhone
		Debug|iPhoneSimulator = Debug|iPhoneSimulator
		Release|Any CPU = Release|Any CPU
		Release|iPhone = Release|iPhone
		Release|iPhoneSimulator = Release|iPhoneSimulator
	EndGlobalSection
	GlobalSection(ProjectConfigurationPlatforms) = postSolution
		{EEAC951D-E655-42C5-9A66-B8A948CC858B}.Ad-Hoc|Any CPU.ActiveCfg = Debug|Any CPU
		{EEAC951D-E655-42C5-9A66-B8A948CC858B}.Ad-Hoc|Any CPU.Build.0 = Debug|Any CPU
		{EEAC951D-E655-42C5-9A66-B8A948CC858B}.Ad-Hoc|iPhone.ActiveCfg = Debug|Any CPU
		{EEAC951D-E655-42C5-9A66-B8A948CC858B}.Ad-Hoc|iPhone.Build.0 = Debug|Any CPU
		{EEAC951D-E655-42C5-9A66-B8A948CC858B}.Ad-Hoc|iPhoneSimulator.ActiveCfg = Debug|Any CPU
		{EEAC951D-E655-42C5-9A66-B8A948CC858B}.Ad-Hoc|iPhoneSimulator.Build.0 = Debug|Any CPU
		{EEAC951D-E655-42C5-9A66-B8A948CC858B}.AppStore|Any CPU.ActiveCfg = Debug|Any CPU
		{EEAC951D-E655-42C5-9A66-B8A948CC858B}.AppStore|Any CPU.Build.0 = Debug|Any CPU
		{EEAC951D-E655-42C5-9A66-B8A948CC858B}.AppStore|iPhone.ActiveCfg = Debug|Any CPU
		{EEAC951D-E655-42C5-9A66-B8A948CC858B}.AppStore|iPhone.Build.0 = Debug|Any CPU
		{EEAC951D-E655-42C5-9A66-B8A948CC858B}.AppStore|iPhoneSimulator.ActiveCfg = Debug|Any CPU
		{EEAC951D-E655-42C5-9A66-B8A948CC858B}.AppStore|iPhoneSimulator.Build.0 = Debug|Any CPU
		{EEAC951D-E655-42C5-9A66-B8A948CC858B}.Debug|Any CPU.ActiveCfg = Debug|Any CPU
		{EEAC951D-E655-42C5-9A66-B8A948CC858B}.Debug|Any CPU.Build.0 = Debug|Any CPU
		{EEAC951D-E655-42C5-9A66-B8A948CC858B}.Debug|iPhone.ActiveCfg = Debug|Any CPU
		{EEAC951D-E655-42C5-9A66-B8A948CC858B}.Debug|iPhone.Build.0 = Debug|Any CPU
		{EEAC951D-E655-42C5-9A66-B8A948CC858B}.Debug|iPhoneSimulator.ActiveCfg = Debug|Any CPU
		{EEAC951D-E655-42C5-9A66-B8A948CC858B}.Debug|iPhoneSimulator.Build.0 = Debug|Any CPU
		{EEAC951D-E655-42C5-9A66-B8A948CC858B}.Release|Any CPU.ActiveCfg = Release|Any CPU
		{EEAC951D-E655-42C5-9A66-B8A948CC858B}.Release|Any CPU.Build.0 = Release|Any CPU
		{EEAC951D-E655-42C5-9A66-B8A948CC858B}.Release|iPhone.ActiveCfg = Release|Any CPU
		{EEAC951D-E655-42C5-9A66-B8A948CC858B}.Release|iPhone.Build.0 = Release|Any CPU
		{EEAC951D-E655-42C5-9A66-B8A948CC858B}.Release|iPhoneSimulator.ActiveCfg = Release|Any CPU
		{EEAC951D-E655-42C5-9A66-B8A948CC858B}.Release|iPhoneSimulator.Build.0 = Release|Any CPU
		{127279FD-91B0-4BD3-B7B0-6E57151E56C0}.Ad-Hoc|Any CPU.ActiveCfg = Debug|Any CPU
		{127279FD-91B0-4BD3-B7B0-6E57151E56C0}.Ad-Hoc|Any CPU.Build.0 = Debug|Any CPU
		{127279FD-91B0-4BD3-B7B0-6E57151E56C0}.Ad-Hoc|iPhone.ActiveCfg = Debug|Any CPU
		{127279FD-91B0-4BD3-B7B0-6E57151E56C0}.Ad-Hoc|iPhone.Build.0 = Debug|Any CPU
		{127279FD-91B0-4BD3-B7B0-6E57151E56C0}.Ad-Hoc|iPhoneSimulator.ActiveCfg = Debug|Any CPU
		{127279FD-91B0-4BD3-B7B0-6E57151E56C0}.Ad-Hoc|iPhoneSimulator.Build.0 = Debug|Any CPU
		{127279FD-91B0-4BD3-B7B0-6E57151E56C0}.AppStore|Any CPU.ActiveCfg = Debug|Any CPU
		{127279FD-91B0-4BD3-B7B0-6E57151E56C0}.AppStore|Any CPU.Build.0 = Debug|Any CPU
		{127279FD-91B0-4BD3-B7B0-6E57151E56C0}.AppStore|iPhone.ActiveCfg = Debug|Any CPU
		{127279FD-91B0-4BD3-B7B0-6E57151E56C0}.AppStore|iPhone.Build.0 = Debug|Any CPU
		{127279FD-91B0-4BD3-B7B0-6E57151E56C0}.AppStore|iPhoneSimulator.ActiveCfg = Debug|Any CPU
		{127279FD-91B0-4BD3-B7B0-6E57151E56C0}.AppStore|iPhoneSimulator.Build.0 = Debug|Any CPU
		{127279FD-91B0-4BD3-B7B0-6E57151E56C0}.Debug|Any CPU.ActiveCfg = Debug|Any CPU
		{127279FD-91B0-4BD3-B7B0-6E57151E56C0}.Debug|Any CPU.Build.0 = Debug|Any CPU
		{127279FD-91B0-4BD3-B7B0-6E57151E56C0}.Debug|iPhone.ActiveCfg = Debug|Any CPU
		{127279FD-91B0-4BD3-B7B0-6E57151E56C0}.Debug|iPhone.Build.0 = Debug|Any CPU
		{127279FD-91B0-4BD3-B7B0-6E57151E56C0}.Debug|iPhoneSimulator.ActiveCfg = Debug|Any CPU
		{127279FD-91B0-4BD3-B7B0-6E57151E56C0}.Debug|iPhoneSimulator.Build.0 = Debug|Any CPU
		{127279FD-91B0-4BD3-B7B0-6E57151E56C0}.Release|Any CPU.ActiveCfg = Release|Any CPU
		{127279FD-91B0-4BD3-B7B0-6E57151E56C0}.Release|Any CPU.Build.0 = Release|Any CPU
		{127279FD-91B0-4BD3-B7B0-6E57151E56C0}.Release|iPhone.ActiveCfg = Release|Any CPU
		{127279FD-91B0-4BD3-B7B0-6E57151E56C0}.Release|iPhone.Build.0 = Release|Any CPU
		{127279FD-91B0-4BD3-B7B0-6E57151E56C0}.Release|iPhoneSimulator.ActiveCfg = Release|Any CPU
		{127279FD-91B0-4BD3-B7B0-6E57151E56C0}.Release|iPhoneSimulator.Build.0 = Release|Any CPU
		{6519A7B5-EF18-4226-BE62-27B8B8183012}.Ad-Hoc|Any CPU.ActiveCfg = Debug|Any CPU
		{6519A7B5-EF18-4226-BE62-27B8B8183012}.Ad-Hoc|Any CPU.Build.0 = Debug|Any CPU
		{6519A7B5-EF18-4226-BE62-27B8B8183012}.Ad-Hoc|iPhone.ActiveCfg = Debug|Any CPU
		{6519A7B5-EF18-4226-BE62-27B8B8183012}.Ad-Hoc|iPhone.Build.0 = Debug|Any CPU
		{6519A7B5-EF18-4226-BE62-27B8B8183012}.Ad-Hoc|iPhoneSimulator.ActiveCfg = Debug|Any CPU
		{6519A7B5-EF18-4226-BE62-27B8B8183012}.Ad-Hoc|iPhoneSimulator.Build.0 = Debug|Any CPU
		{6519A7B5-EF18-4226-BE62-27B8B8183012}.AppStore|Any CPU.ActiveCfg = Debug|Any CPU
		{6519A7B5-EF18-4226-BE62-27B8B8183012}.AppStore|Any CPU.Build.0 = Debug|Any CPU
		{6519A7B5-EF18-4226-BE62-27B8B8183012}.AppStore|iPhone.ActiveCfg = Debug|Any CPU
		{6519A7B5-EF18-4226-BE62-27B8B8183012}.AppStore|iPhone.Build.0 = Debug|Any CPU
		{6519A7B5-EF18-4226-BE62-27B8B8183012}.AppStore|iPhoneSimulator.ActiveCfg = Debug|Any CPU
		{6519A7B5-EF18-4226-BE62-27B8B8183012}.AppStore|iPhoneSimulator.Build.0 = Debug|Any CPU
		{6519A7B5-EF18-4226-BE62-27B8B8183012}.Debug|Any CPU.ActiveCfg = Debug|Any CPU
		{6519A7B5-EF18-4226-BE62-27B8B8183012}.Debug|Any CPU.Build.0 = Debug|Any CPU
		{6519A7B5-EF18-4226-BE62-27B8B8183012}.Debug|iPhone.ActiveCfg = Debug|Any CPU
		{6519A7B5-EF18-4226-BE62-27B8B8183012}.Debug|iPhone.Build.0 = Debug|Any CPU
		{6519A7B5-EF18-4226-BE62-27B8B8183012}.Debug|iPhoneSimulator.ActiveCfg = Debug|Any CPU
		{6519A7B5-EF18-4226-BE62-27B8B8183012}.Debug|iPhoneSimulator.Build.0 = Debug|Any CPU
		{6519A7B5-EF18-4226-BE62-27B8B8183012}.Release|Any CPU.ActiveCfg = Release|Any CPU
		{6519A7B5-EF18-4226-BE62-27B8B8183012}.Release|Any CPU.Build.0 = Release|Any CPU
		{6519A7B5-EF18-4226-BE62-27B8B8183012}.Release|iPhone.ActiveCfg = Release|Any CPU
		{6519A7B5-EF18-4226-BE62-27B8B8183012}.Release|iPhone.Build.0 = Release|Any CPU
		{6519A7B5-EF18-4226-BE62-27B8B8183012}.Release|iPhoneSimulator.ActiveCfg = Release|Any CPU
		{6519A7B5-EF18-4226-BE62-27B8B8183012}.Release|iPhoneSimulator.Build.0 = Release|Any CPU
		{60E093F9-7366-4307-AD21-97F1612318E7}.Ad-Hoc|Any CPU.ActiveCfg = Release|Any CPU
		{60E093F9-7366-4307-AD21-97F1612318E7}.Ad-Hoc|Any CPU.Build.0 = Release|Any CPU
		{60E093F9-7366-4307-AD21-97F1612318E7}.Ad-Hoc|Any CPU.Deploy.0 = Release|Any CPU
		{60E093F9-7366-4307-AD21-97F1612318E7}.Ad-Hoc|iPhone.ActiveCfg = Release|Any CPU
		{60E093F9-7366-4307-AD21-97F1612318E7}.Ad-Hoc|iPhone.Build.0 = Release|Any CPU
		{60E093F9-7366-4307-AD21-97F1612318E7}.Ad-Hoc|iPhone.Deploy.0 = Release|Any CPU
		{60E093F9-7366-4307-AD21-97F1612318E7}.Ad-Hoc|iPhoneSimulator.ActiveCfg = Release|Any CPU
		{60E093F9-7366-4307-AD21-97F1612318E7}.Ad-Hoc|iPhoneSimulator.Build.0 = Release|Any CPU
		{60E093F9-7366-4307-AD21-97F1612318E7}.Ad-Hoc|iPhoneSimulator.Deploy.0 = Release|Any CPU
		{60E093F9-7366-4307-AD21-97F1612318E7}.AppStore|Any CPU.ActiveCfg = Release|Any CPU
		{60E093F9-7366-4307-AD21-97F1612318E7}.AppStore|Any CPU.Build.0 = Release|Any CPU
		{60E093F9-7366-4307-AD21-97F1612318E7}.AppStore|Any CPU.Deploy.0 = Release|Any CPU
		{60E093F9-7366-4307-AD21-97F1612318E7}.AppStore|iPhone.ActiveCfg = Release|Any CPU
		{60E093F9-7366-4307-AD21-97F1612318E7}.AppStore|iPhone.Build.0 = Release|Any CPU
		{60E093F9-7366-4307-AD21-97F1612318E7}.AppStore|iPhone.Deploy.0 = Release|Any CPU
		{60E093F9-7366-4307-AD21-97F1612318E7}.AppStore|iPhoneSimulator.ActiveCfg = Release|Any CPU
		{60E093F9-7366-4307-AD21-97F1612318E7}.AppStore|iPhoneSimulator.Build.0 = Release|Any CPU
		{60E093F9-7366-4307-AD21-97F1612318E7}.AppStore|iPhoneSimulator.Deploy.0 = Release|Any CPU
		{60E093F9-7366-4307-AD21-97F1612318E7}.Debug|Any CPU.ActiveCfg = Debug|Any CPU
		{60E093F9-7366-4307-AD21-97F1612318E7}.Debug|Any CPU.Build.0 = Debug|Any CPU
		{60E093F9-7366-4307-AD21-97F1612318E7}.Debug|Any CPU.Deploy.0 = Debug|Any CPU
		{60E093F9-7366-4307-AD21-97F1612318E7}.Debug|iPhone.ActiveCfg = Debug|Any CPU
		{60E093F9-7366-4307-AD21-97F1612318E7}.Debug|iPhone.Build.0 = Debug|Any CPU
		{60E093F9-7366-4307-AD21-97F1612318E7}.Debug|iPhone.Deploy.0 = Debug|Any CPU
		{60E093F9-7366-4307-AD21-97F1612318E7}.Debug|iPhoneSimulator.ActiveCfg = Debug|Any CPU
		{60E093F9-7366-4307-AD21-97F1612318E7}.Debug|iPhoneSimulator.Build.0 = Debug|Any CPU
		{60E093F9-7366-4307-AD21-97F1612318E7}.Debug|iPhoneSimulator.Deploy.0 = Debug|Any CPU
		{60E093F9-7366-4307-AD21-97F1612318E7}.Release|Any CPU.ActiveCfg = Release|Any CPU
		{60E093F9-7366-4307-AD21-97F1612318E7}.Release|Any CPU.Build.0 = Release|Any CPU
		{60E093F9-7366-4307-AD21-97F1612318E7}.Release|Any CPU.Deploy.0 = Release|Any CPU
		{60E093F9-7366-4307-AD21-97F1612318E7}.Release|iPhone.ActiveCfg = Release|Any CPU
		{60E093F9-7366-4307-AD21-97F1612318E7}.Release|iPhone.Build.0 = Release|Any CPU
		{60E093F9-7366-4307-AD21-97F1612318E7}.Release|iPhone.Deploy.0 = Release|Any CPU
		{60E093F9-7366-4307-AD21-97F1612318E7}.Release|iPhoneSimulator.ActiveCfg = Release|Any CPU
		{60E093F9-7366-4307-AD21-97F1612318E7}.Release|iPhoneSimulator.Build.0 = Release|Any CPU
		{60E093F9-7366-4307-AD21-97F1612318E7}.Release|iPhoneSimulator.Deploy.0 = Release|Any CPU
		{11E09E95-E472-4B0A-A185-49ACC3785AE6}.Ad-Hoc|Any CPU.ActiveCfg = Ad-Hoc|iPhone
		{11E09E95-E472-4B0A-A185-49ACC3785AE6}.Ad-Hoc|iPhone.ActiveCfg = Ad-Hoc|iPhone
		{11E09E95-E472-4B0A-A185-49ACC3785AE6}.Ad-Hoc|iPhone.Build.0 = Ad-Hoc|iPhone
		{11E09E95-E472-4B0A-A185-49ACC3785AE6}.Ad-Hoc|iPhoneSimulator.ActiveCfg = Ad-Hoc|iPhoneSimulator
		{11E09E95-E472-4B0A-A185-49ACC3785AE6}.Ad-Hoc|iPhoneSimulator.Build.0 = Ad-Hoc|iPhoneSimulator
		{11E09E95-E472-4B0A-A185-49ACC3785AE6}.AppStore|Any CPU.ActiveCfg = AppStore|iPhone
		{11E09E95-E472-4B0A-A185-49ACC3785AE6}.AppStore|iPhone.ActiveCfg = AppStore|iPhone
		{11E09E95-E472-4B0A-A185-49ACC3785AE6}.AppStore|iPhone.Build.0 = AppStore|iPhone
		{11E09E95-E472-4B0A-A185-49ACC3785AE6}.AppStore|iPhoneSimulator.ActiveCfg = AppStore|iPhoneSimulator
		{11E09E95-E472-4B0A-A185-49ACC3785AE6}.AppStore|iPhoneSimulator.Build.0 = AppStore|iPhoneSimulator
		{11E09E95-E472-4B0A-A185-49ACC3785AE6}.Debug|Any CPU.ActiveCfg = Debug|iPhone
		{11E09E95-E472-4B0A-A185-49ACC3785AE6}.Debug|iPhone.ActiveCfg = Debug|iPhone
		{11E09E95-E472-4B0A-A185-49ACC3785AE6}.Debug|iPhone.Build.0 = Debug|iPhone
		{11E09E95-E472-4B0A-A185-49ACC3785AE6}.Debug|iPhoneSimulator.ActiveCfg = Debug|iPhoneSimulator
		{11E09E95-E472-4B0A-A185-49ACC3785AE6}.Debug|iPhoneSimulator.Build.0 = Debug|iPhoneSimulator
		{11E09E95-E472-4B0A-A185-49ACC3785AE6}.Release|Any CPU.ActiveCfg = Release|iPhone
		{11E09E95-E472-4B0A-A185-49ACC3785AE6}.Release|iPhone.ActiveCfg = Release|iPhone
		{11E09E95-E472-4B0A-A185-49ACC3785AE6}.Release|iPhone.Build.0 = Release|iPhone
		{11E09E95-E472-4B0A-A185-49ACC3785AE6}.Release|iPhoneSimulator.ActiveCfg = Release|iPhoneSimulator
		{11E09E95-E472-4B0A-A185-49ACC3785AE6}.Release|iPhoneSimulator.Build.0 = Release|iPhoneSimulator
		{E9A4CEB7-754C-4155-829A-9F741B062061}.Ad-Hoc|Any CPU.ActiveCfg = Release|Any CPU
		{E9A4CEB7-754C-4155-829A-9F741B062061}.Ad-Hoc|Any CPU.Build.0 = Release|Any CPU
		{E9A4CEB7-754C-4155-829A-9F741B062061}.Ad-Hoc|Any CPU.Deploy.0 = Release|Any CPU
		{E9A4CEB7-754C-4155-829A-9F741B062061}.Ad-Hoc|iPhone.ActiveCfg = Release|Any CPU
		{E9A4CEB7-754C-4155-829A-9F741B062061}.Ad-Hoc|iPhone.Build.0 = Release|Any CPU
		{E9A4CEB7-754C-4155-829A-9F741B062061}.Ad-Hoc|iPhone.Deploy.0 = Release|Any CPU
		{E9A4CEB7-754C-4155-829A-9F741B062061}.Ad-Hoc|iPhoneSimulator.ActiveCfg = Release|Any CPU
		{E9A4CEB7-754C-4155-829A-9F741B062061}.Ad-Hoc|iPhoneSimulator.Build.0 = Release|Any CPU
		{E9A4CEB7-754C-4155-829A-9F741B062061}.Ad-Hoc|iPhoneSimulator.Deploy.0 = Release|Any CPU
		{E9A4CEB7-754C-4155-829A-9F741B062061}.AppStore|Any CPU.ActiveCfg = Release|Any CPU
		{E9A4CEB7-754C-4155-829A-9F741B062061}.AppStore|Any CPU.Build.0 = Release|Any CPU
		{E9A4CEB7-754C-4155-829A-9F741B062061}.AppStore|Any CPU.Deploy.0 = Release|Any CPU
		{E9A4CEB7-754C-4155-829A-9F741B062061}.AppStore|iPhone.ActiveCfg = Release|Any CPU
		{E9A4CEB7-754C-4155-829A-9F741B062061}.AppStore|iPhone.Build.0 = Release|Any CPU
		{E9A4CEB7-754C-4155-829A-9F741B062061}.AppStore|iPhone.Deploy.0 = Release|Any CPU
		{E9A4CEB7-754C-4155-829A-9F741B062061}.AppStore|iPhoneSimulator.ActiveCfg = Release|Any CPU
		{E9A4CEB7-754C-4155-829A-9F741B062061}.AppStore|iPhoneSimulator.Build.0 = Release|Any CPU
		{E9A4CEB7-754C-4155-829A-9F741B062061}.AppStore|iPhoneSimulator.Deploy.0 = Release|Any CPU
		{E9A4CEB7-754C-4155-829A-9F741B062061}.Debug|Any CPU.ActiveCfg = Debug|Any CPU
		{E9A4CEB7-754C-4155-829A-9F741B062061}.Debug|Any CPU.Build.0 = Debug|Any CPU
		{E9A4CEB7-754C-4155-829A-9F741B062061}.Debug|Any CPU.Deploy.0 = Debug|Any CPU
		{E9A4CEB7-754C-4155-829A-9F741B062061}.Debug|iPhone.ActiveCfg = Debug|Any CPU
		{E9A4CEB7-754C-4155-829A-9F741B062061}.Debug|iPhone.Build.0 = Debug|Any CPU
		{E9A4CEB7-754C-4155-829A-9F741B062061}.Debug|iPhone.Deploy.0 = Debug|Any CPU
		{E9A4CEB7-754C-4155-829A-9F741B062061}.Debug|iPhoneSimulator.ActiveCfg = Debug|Any CPU
		{E9A4CEB7-754C-4155-829A-9F741B062061}.Debug|iPhoneSimulator.Build.0 = Debug|Any CPU
		{E9A4CEB7-754C-4155-829A-9F741B062061}.Debug|iPhoneSimulator.Deploy.0 = Debug|Any CPU
		{E9A4CEB7-754C-4155-829A-9F741B062061}.Release|Any CPU.ActiveCfg = Release|Any CPU
		{E9A4CEB7-754C-4155-829A-9F741B062061}.Release|Any CPU.Build.0 = Release|Any CPU
		{E9A4CEB7-754C-4155-829A-9F741B062061}.Release|Any CPU.Deploy.0 = Release|Any CPU
		{E9A4CEB7-754C-4155-829A-9F741B062061}.Release|iPhone.ActiveCfg = Release|Any CPU
		{E9A4CEB7-754C-4155-829A-9F741B062061}.Release|iPhone.Build.0 = Release|Any CPU
		{E9A4CEB7-754C-4155-829A-9F741B062061}.Release|iPhone.Deploy.0 = Release|Any CPU
		{E9A4CEB7-754C-4155-829A-9F741B062061}.Release|iPhoneSimulator.ActiveCfg = Release|Any CPU
		{E9A4CEB7-754C-4155-829A-9F741B062061}.Release|iPhoneSimulator.Build.0 = Release|Any CPU
		{E9A4CEB7-754C-4155-829A-9F741B062061}.Release|iPhoneSimulator.Deploy.0 = Release|Any CPU
		{A3CD9F55-C781-4021-948E-AACC4575EC91}.Ad-Hoc|Any CPU.ActiveCfg = Release|iPhone
		{A3CD9F55-C781-4021-948E-AACC4575EC91}.Ad-Hoc|Any CPU.Build.0 = Release|iPhone
		{A3CD9F55-C781-4021-948E-AACC4575EC91}.Ad-Hoc|iPhone.ActiveCfg = Release|iPhone
		{A3CD9F55-C781-4021-948E-AACC4575EC91}.Ad-Hoc|iPhone.Build.0 = Release|iPhone
		{A3CD9F55-C781-4021-948E-AACC4575EC91}.Ad-Hoc|iPhoneSimulator.ActiveCfg = Release|iPhoneSimulator
		{A3CD9F55-C781-4021-948E-AACC4575EC91}.Ad-Hoc|iPhoneSimulator.Build.0 = Release|iPhoneSimulator
		{A3CD9F55-C781-4021-948E-AACC4575EC91}.AppStore|Any CPU.ActiveCfg = Release|iPhone
		{A3CD9F55-C781-4021-948E-AACC4575EC91}.AppStore|Any CPU.Build.0 = Release|iPhone
		{A3CD9F55-C781-4021-948E-AACC4575EC91}.AppStore|iPhone.ActiveCfg = Release|iPhone
		{A3CD9F55-C781-4021-948E-AACC4575EC91}.AppStore|iPhone.Build.0 = Release|iPhone
		{A3CD9F55-C781-4021-948E-AACC4575EC91}.AppStore|iPhoneSimulator.ActiveCfg = Release|iPhoneSimulator
		{A3CD9F55-C781-4021-948E-AACC4575EC91}.AppStore|iPhoneSimulator.Build.0 = Release|iPhoneSimulator
		{A3CD9F55-C781-4021-948E-AACC4575EC91}.Debug|Any CPU.ActiveCfg = Debug|iPhone
		{A3CD9F55-C781-4021-948E-AACC4575EC91}.Debug|iPhone.ActiveCfg = Debug|iPhone
		{A3CD9F55-C781-4021-948E-AACC4575EC91}.Debug|iPhone.Build.0 = Debug|iPhone
		{A3CD9F55-C781-4021-948E-AACC4575EC91}.Debug|iPhoneSimulator.ActiveCfg = Debug|iPhoneSimulator
		{A3CD9F55-C781-4021-948E-AACC4575EC91}.Debug|iPhoneSimulator.Build.0 = Debug|iPhoneSimulator
		{A3CD9F55-C781-4021-948E-AACC4575EC91}.Release|Any CPU.ActiveCfg = Release|iPhone
		{A3CD9F55-C781-4021-948E-AACC4575EC91}.Release|iPhone.ActiveCfg = Release|iPhone
		{A3CD9F55-C781-4021-948E-AACC4575EC91}.Release|iPhone.Build.0 = Release|iPhone
		{A3CD9F55-C781-4021-948E-AACC4575EC91}.Release|iPhoneSimulator.ActiveCfg = Release|iPhoneSimulator
		{A3CD9F55-C781-4021-948E-AACC4575EC91}.Release|iPhoneSimulator.Build.0 = Release|iPhoneSimulator
	EndGlobalSection
	GlobalSection(SolutionProperties) = preSolution
		HideSolutionNode = FALSE
	EndGlobalSection
	GlobalSection(ExtensibilityGlobals) = postSolution
		SolutionGuid = {5ED1AAAF-5970-4D85-BC12-A93888245FC1}
	EndGlobalSection
EndGlobal
